
Microsoft Visual Studio Solution File, Format Version 12.00
# Visual Studio Version 17
VisualStudioVersion = 17.0.32014.148
MinimumVisualStudioVersion = 10.0.40219.1
Project("{9A19103F-16F7-4668-BE54-9A1E7A4F7556}") = "GalE Studio", "GalE Studio\GalE Studio.csproj", "{FE804FBF-AAE4-43FB-B410-617E773D6AC7}"
EndProject
Project("{9A19103F-16F7-4668-BE54-9A1E7A4F7556}") = "GalE Core", "GalE Core\GalE Core.csproj", "{F80B8779-944F-4D34-A28F-AD26A4E959AE}"
EndProject
Project("{9A19103F-16F7-4668-BE54-9A1E7A4F7556}") = "GalE Run on Windows", "GalE Run\GalE Run on Windows.csproj", "{CEF5DD52-BC62-4809-AD4F-110D205707E0}"
EndProject
Global
	GlobalSection(SolutionConfigurationPlatforms) = preSolution
		Debug|Any CPU = Debug|Any CPU
		Release|Any CPU = Release|Any CPU
	EndGlobalSection
	GlobalSection(ProjectConfigurationPlatforms) = postSolution
		{FE804FBF-AAE4-43FB-B410-617E773D6AC7}.Debug|Any CPU.ActiveCfg = Debug|Any CPU
		{FE804FBF-AAE4-43FB-B410-617E773D6AC7}.Debug|Any CPU.Build.0 = Debug|Any CPU
		{FE804FBF-AAE4-43FB-B410-617E773D6AC7}.Release|Any CPU.ActiveCfg = Release|Any CPU
		{FE804FBF-AAE4-43FB-B410-617E773D6AC7}.Release|Any CPU.Build.0 = Release|Any CPU
		{F80B8779-944F-4D34-A28F-AD26A4E959AE}.Debug|Any CPU.ActiveCfg = Debug|Any CPU
		{F80B8779-944F-4D34-A28F-AD26A4E959AE}.Debug|Any CPU.Build.0 = Debug|Any CPU
		{F80B8779-944F-4D34-A28F-AD26A4E959AE}.Release|Any CPU.ActiveCfg = Release|Any CPU
		{F80B8779-944F-4D34-A28F-AD26A4E959AE}.Release|Any CPU.Build.0 = Release|Any CPU
		{CEF5DD52-BC62-4809-AD4F-110D205707E0}.Debug|Any CPU.ActiveCfg = Debug|Any CPU
		{CEF5DD52-BC62-4809-AD4F-110D205707E0}.Debug|Any CPU.Build.0 = Debug|Any CPU
		{CEF5DD52-BC62-4809-AD4F-110D205707E0}.Release|Any CPU.ActiveCfg = Release|Any CPU
		{CEF5DD52-BC62-4809-AD4F-110D205707E0}.Release|Any CPU.Build.0 = Release|Any CPU
	EndGlobalSection
	GlobalSection(SolutionProperties) = preSolution
		HideSolutionNode = FALSE
	EndGlobalSection
	GlobalSection(ExtensibilityGlobals) = postSolution
		SolutionGuid = {755CE9B9-A738-4482-A39C-A247A36C0500}
	EndGlobalSection
EndGlobal
