
Microsoft Visual Studio Solution File, Format Version 12.00
# Visual Studio Version 17
VisualStudioVersion = 17.0.32014.148
MinimumVisualStudioVersion = 10.0.40219.1
Project("{FAE04EC0-301F-11D3-BF4B-00C04F79EFBC}") = "GalE Studio", "GalE Studio\GalE Studio.csproj", "{FE804FBF-AAE4-43FB-B410-617E773D6AC7}"
EndProject
Global
	GlobalSection(SolutionConfigurationPlatforms) = preSolution
		Debug|Any CPU = Debug|Any CPU
		Release|Any CPU = Release|Any CPU
	EndGlobalSection
	GlobalSection(ProjectConfigurationPlatforms) = postSolution
		{FE804FBF-AAE4-43FB-B410-617E773D6AC7}.Debug|Any CPU.ActiveCfg = Debug|Any CPU
		{FE804FBF-AAE4-43FB-B410-617E773D6AC7}.Debug|Any CPU.Build.0 = Debug|Any CPU
		{FE804FBF-AAE4-43FB-B410-617E773D6AC7}.Release|Any CPU.ActiveCfg = Release|Any CPU
		{FE804FBF-AAE4-43FB-B410-617E773D6AC7}.Release|Any CPU.Build.0 = Release|Any CPU
	EndGlobalSection
	GlobalSection(SolutionProperties) = preSolution
		HideSolutionNode = FALSE
	EndGlobalSection
	GlobalSection(ExtensibilityGlobals) = postSolution
		SolutionGuid = {755CE9B9-A738-4482-A39C-A247A36C0500}
	EndGlobalSection
EndGlobal
